
Microsoft Visual Studio Solution File, Format Version 12.00
# Visual Studio 15
VisualStudioVersion = 15.0.27428.2011
MinimumVisualStudioVersion = 10.0.40219.1
Project("{FAE04EC0-301F-11D3-BF4B-00C04F79EFBC}") = "GuidGenerator_4.5.1", "GuidGenerator_4.5.1\GuidGenerator_4.5.1.csproj", "{6EB43128-17B5-435A-B769-F8E2A25FA39A}"
EndProject
Global
	GlobalSection(SolutionConfigurationPlatforms) = preSolution
		Debug|Any CPU = Debug|Any CPU
		Release|Any CPU = Release|Any CPU
	EndGlobalSection
	GlobalSection(ProjectConfigurationPlatforms) = postSolution
		{6EB43128-17B5-435A-B769-F8E2A25FA39A}.Debug|Any CPU.ActiveCfg = Debug|Any CPU
		{6EB43128-17B5-435A-B769-F8E2A25FA39A}.Debug|Any CPU.Build.0 = Debug|Any CPU
		{6EB43128-17B5-435A-B769-F8E2A25FA39A}.Release|Any CPU.ActiveCfg = Release|Any CPU
		{6EB43128-17B5-435A-B769-F8E2A25FA39A}.Release|Any CPU.Build.0 = Release|Any CPU
	EndGlobalSection
	GlobalSection(SolutionProperties) = preSolution
		HideSolutionNode = FALSE
	EndGlobalSection
	GlobalSection(ExtensibilityGlobals) = postSolution
		SolutionGuid = {FD0B5C6E-BC1E-4F6D-81A1-0E7AC784944A}
	EndGlobalSection
EndGlobal
